
Microsoft Visual Studio Solution File, Format Version 12.00
# Visual Studio 14
VisualStudioVersion = 14.0.24720.0
MinimumVisualStudioVersion = 10.0.40219.1
Project("{FAE04EC0-301F-11D3-BF4B-00C04F79EFBC}") = "FWD_Leistelle", "WindowsFormsApplication1\FWD_Leistelle.csproj", "{8DDB14D5-39BF-418F-98AB-6F3BD981BABD}"
EndProject
Global
	GlobalSection(SolutionConfigurationPlatforms) = preSolution
		Debug|Any CPU = Debug|Any CPU
		Release|Any CPU = Release|Any CPU
	EndGlobalSection
	GlobalSection(ProjectConfigurationPlatforms) = postSolution
		{8DDB14D5-39BF-418F-98AB-6F3BD981BABD}.Debug|Any CPU.ActiveCfg = Debug|Any CPU
		{8DDB14D5-39BF-418F-98AB-6F3BD981BABD}.Debug|Any CPU.Build.0 = Debug|Any CPU
		{8DDB14D5-39BF-418F-98AB-6F3BD981BABD}.Release|Any CPU.ActiveCfg = Release|Any CPU
		{8DDB14D5-39BF-418F-98AB-6F3BD981BABD}.Release|Any CPU.Build.0 = Release|Any CPU
	EndGlobalSection
	GlobalSection(SolutionProperties) = preSolution
		HideSolutionNode = FALSE
	EndGlobalSection
EndGlobal
